
Microsoft Visual Studio Solution File, Format Version 12.00
# Visual Studio 15
VisualStudioVersion = 15.0.27004.2006
MinimumVisualStudioVersion = 10.0.40219.1
Project("{9A19103F-16F7-4668-BE54-9A1E7A4F7556}") = "DynamicRepo.Api", "DynamicRepo.Api\DynamicRepo.Api.csproj", "{B6D0CD74-DD1C-4BBA-9C94-74B050A388EA}"
EndProject
Project("{9A19103F-16F7-4668-BE54-9A1E7A4F7556}") = "DynamicRepo.Business", "DynamicRepo.Business\DynamicRepo.Business.csproj", "{E7B4F4F9-D7E4-4F5F-AD6D-6238D7BE276C}"
EndProject
Project("{9A19103F-16F7-4668-BE54-9A1E7A4F7556}") = "DynamicRepo.Injection", "DynamicRepo.Injection\DynamicRepo.Injection.csproj", "{3D97CD6D-0F6B-4A15-BDA0-A6213FD44006}"
EndProject
Project("{9A19103F-16F7-4668-BE54-9A1E7A4F7556}") = "DynamicRepo.Common", "DynamicRepo.Common\DynamicRepo.Common.csproj", "{E7A4E5FA-AD1C-4856-958A-B453B3736B3A}"
EndProject
Project("{9A19103F-16F7-4668-BE54-9A1E7A4F7556}") = "DynamicRepo.Data", "DynamicRepo.Data\DynamicRepo.Data.csproj", "{411E14A1-2F44-4ABC-8544-37F7F2D1DC32}"
EndProject
Project("{FAE04EC0-301F-11D3-BF4B-00C04F79EFBC}") = "DynamicRepo.Tests", "DynamicRepo.Tests\DynamicRepo.Tests.csproj", "{50F7D7A3-501D-42CC-BBB8-CFB9CF98D821}"
EndProject
Project("{FAE04EC0-301F-11D3-BF4B-00C04F79EFBC}") = "DynamicRepo.ServiceConfiguration", "DynamicRepo.ServiceConfiguration\DynamicRepo.ServiceConfiguration.csproj", "{E30EB08F-8957-4288-82CC-7478B20BD4D7}"
EndProject
Project("{FAE04EC0-301F-11D3-BF4B-00C04F79EFBC}") = "DynamicRepo.APCI", "DynamicRepo.APCI\DynamicRepo.APCI.csproj", "{24E8BEA1-1C8A-4297-9948-7C0A5D12686A}"
EndProject
Project("{2150E333-8FDC-42A3-9474-1A3956D46DE8}") = "Documentation", "Documentation", "{C6D5E11F-779E-45EA-BDF3-881CFD675B62}"
	ProjectSection(SolutionItems) = preProject
		Readme.md = Readme.md
	EndProjectSection
EndProject
Global
	GlobalSection(SolutionConfigurationPlatforms) = preSolution
		Debug|Any CPU = Debug|Any CPU
		Release|Any CPU = Release|Any CPU
	EndGlobalSection
	GlobalSection(ProjectConfigurationPlatforms) = postSolution
		{B6D0CD74-DD1C-4BBA-9C94-74B050A388EA}.Debug|Any CPU.ActiveCfg = Debug|Any CPU
		{B6D0CD74-DD1C-4BBA-9C94-74B050A388EA}.Debug|Any CPU.Build.0 = Debug|Any CPU
		{B6D0CD74-DD1C-4BBA-9C94-74B050A388EA}.Release|Any CPU.ActiveCfg = Release|Any CPU
		{B6D0CD74-DD1C-4BBA-9C94-74B050A388EA}.Release|Any CPU.Build.0 = Release|Any CPU
		{E7B4F4F9-D7E4-4F5F-AD6D-6238D7BE276C}.Debug|Any CPU.ActiveCfg = Debug|Any CPU
		{E7B4F4F9-D7E4-4F5F-AD6D-6238D7BE276C}.Debug|Any CPU.Build.0 = Debug|Any CPU
		{E7B4F4F9-D7E4-4F5F-AD6D-6238D7BE276C}.Release|Any CPU.ActiveCfg = Release|Any CPU
		{E7B4F4F9-D7E4-4F5F-AD6D-6238D7BE276C}.Release|Any CPU.Build.0 = Release|Any CPU
		{3D97CD6D-0F6B-4A15-BDA0-A6213FD44006}.Debug|Any CPU.ActiveCfg = Debug|Any CPU
		{3D97CD6D-0F6B-4A15-BDA0-A6213FD44006}.Debug|Any CPU.Build.0 = Debug|Any CPU
		{3D97CD6D-0F6B-4A15-BDA0-A6213FD44006}.Release|Any CPU.ActiveCfg = Release|Any CPU
		{3D97CD6D-0F6B-4A15-BDA0-A6213FD44006}.Release|Any CPU.Build.0 = Release|Any CPU
		{E7A4E5FA-AD1C-4856-958A-B453B3736B3A}.Debug|Any CPU.ActiveCfg = Debug|Any CPU
		{E7A4E5FA-AD1C-4856-958A-B453B3736B3A}.Debug|Any CPU.Build.0 = Debug|Any CPU
		{E7A4E5FA-AD1C-4856-958A-B453B3736B3A}.Release|Any CPU.ActiveCfg = Release|Any CPU
		{E7A4E5FA-AD1C-4856-958A-B453B3736B3A}.Release|Any CPU.Build.0 = Release|Any CPU
		{411E14A1-2F44-4ABC-8544-37F7F2D1DC32}.Debug|Any CPU.ActiveCfg = Debug|Any CPU
		{411E14A1-2F44-4ABC-8544-37F7F2D1DC32}.Debug|Any CPU.Build.0 = Debug|Any CPU
		{411E14A1-2F44-4ABC-8544-37F7F2D1DC32}.Release|Any CPU.ActiveCfg = Release|Any CPU
		{411E14A1-2F44-4ABC-8544-37F7F2D1DC32}.Release|Any CPU.Build.0 = Release|Any CPU
		{50F7D7A3-501D-42CC-BBB8-CFB9CF98D821}.Debug|Any CPU.ActiveCfg = Debug|Any CPU
		{50F7D7A3-501D-42CC-BBB8-CFB9CF98D821}.Debug|Any CPU.Build.0 = Debug|Any CPU
		{50F7D7A3-501D-42CC-BBB8-CFB9CF98D821}.Release|Any CPU.ActiveCfg = Release|Any CPU
		{50F7D7A3-501D-42CC-BBB8-CFB9CF98D821}.Release|Any CPU.Build.0 = Release|Any CPU
		{E30EB08F-8957-4288-82CC-7478B20BD4D7}.Debug|Any CPU.ActiveCfg = Debug|Any CPU
		{E30EB08F-8957-4288-82CC-7478B20BD4D7}.Debug|Any CPU.Build.0 = Debug|Any CPU
		{E30EB08F-8957-4288-82CC-7478B20BD4D7}.Release|Any CPU.ActiveCfg = Release|Any CPU
		{E30EB08F-8957-4288-82CC-7478B20BD4D7}.Release|Any CPU.Build.0 = Release|Any CPU
		{24E8BEA1-1C8A-4297-9948-7C0A5D12686A}.Debug|Any CPU.ActiveCfg = Debug|Any CPU
		{24E8BEA1-1C8A-4297-9948-7C0A5D12686A}.Debug|Any CPU.Build.0 = Debug|Any CPU
		{24E8BEA1-1C8A-4297-9948-7C0A5D12686A}.Release|Any CPU.ActiveCfg = Release|Any CPU
		{24E8BEA1-1C8A-4297-9948-7C0A5D12686A}.Release|Any CPU.Build.0 = Release|Any CPU
	EndGlobalSection
	GlobalSection(SolutionProperties) = preSolution
		HideSolutionNode = FALSE
	EndGlobalSection
	GlobalSection(ExtensibilityGlobals) = postSolution
		SolutionGuid = {68895CE7-F514-435E-98F3-468B18E3AE72}
	EndGlobalSection
EndGlobal
